{
  "nodes": {
    "home-manager": {
      "inputs": {
        "nixpkgs": [
          "nixpkgs"
        ]
      },
      "locked": {
        "lastModified": 1788317453,
        "narHash": "sha256-BTVJDWIuGa5ffxQEG5WujOOm3eXPw3gZX42Wvm32gb8=",
        "owner": "nix-community",
        "repo": "home-manager",
        "rev": "b8350fcdf54ccf553e46408053b1ac5b7038c18b",
        "type": "github"
      },
      "original": {
        "owner": "nix-community",
        "repo": "home-manager",
        "type": "github"
      }
    },
    "home-manager_2": {
      "inputs": {
        "nixpkgs": [
          "zen-browser",
          "nixpkgs"
        ]
      },
      "locked": {
        "lastModified": 1788229478,
        "narHash": "sha256-G0F2rFORVcFkEvVdE/qWQTnYekIc77YP5/vRF9nZlxU=",
        "owner": "nix-community",
        "repo": "home-manager",
        "rev": "1dc2d1f720ab17fc7981e087346bf54b26d284b1",
        "type": "github"
      },
      "original": {
        "owner": "nix-community",
        "repo": "home-manager",
        "type": "github"
      }
    },
    "nix-ld": {
      "inputs": {
        "nixpkgs": [
          "nixpkgs"
        ]
      },
      "locked": {
        "lastModified": 1788166029,
        "narHash": "sha256-+hgpdq6rXpbBHhB5Pbu80kq7UTZhVpbZZtJXePs9ufE=",
        "owner": "Mic92",
        "repo": "nix-ld",
        "rev": "2cced31ac171b55dd6ab8cc04502cb1ad012d7cf",
        "type": "github"
      },
      "original": {
        "owner": "Mic92",
        "repo": "nix-ld",
        "type": "github"
      }
    },
    "nixpkgs": {
      "locked": {
        "lastModified": 1788179007,
        "narHash": "sha256-hn1oU2rue2SYK8dAr8+WNZWtbsz1S2W5mnHlSEuh3bo=",
        "owner": "nixos",
        "repo": "nixpkgs",
        "rev": "34ab99075ac4f7e40cf037eef32cb1c360bb85e9",
        "type": "github"
      },
      "original": {
        "owner": "nixos",
        "ref": "nixos-unstable",
        "repo": "nixpkgs",
        "type": "github"
      }
    },
    "root": {
      "inputs": {
        "home-manager": "home-manager",
        "nix-ld": "nix-ld",
        "nixpkgs": "nixpkgs",
        "zen-browser": "zen-browser"
      }
    },
    "zen-browser": {
      "inputs": {
        "home-manager": "home-manager_2",
        "nixpkgs": [
          "nixpkgs"
        ]
      },
      "locked": {
        "lastModified": 1788318849,
        "narHash": "sha256-G8wXupuhL5+oJ3q380M0GS6vL2/KLeRx0jld+cwmboc=",
        "owner": "0xc000022070",
        "repo": "zen-browser-flake",
        "rev": "6e3d95d89dcf984e0f2b1489ee6d301e7a90f964",
        "type": "github"
      },
      "original": {
        "owner": "0xc000022070",
        "repo": "zen-browser-flake",
        "type": "github"
      }
    }
  },
  "root": "root",
  "version": 7
}
